
Microsoft Visual Studio Solution File, Format Version 12.00
# Visual Studio Version 16
VisualStudioVersion = 16.0.28922.388
MinimumVisualStudioVersion = 10.0.40219.1
Project("{FAE04EC0-301F-11D3-BF4B-00C04F79EFBC}") = "TravelRecordAp.Android", "TravelRecordAp\TravelRecordAp.Android\TravelRecordAp.Android.csproj", "{DF704DE1-A220-4AFF-961E-5073AE8D94E5}"
EndProject
Project("{FAE04EC0-301F-11D3-BF4B-00C04F79EFBC}") = "TravelRecordAp.iOS", "TravelRecordAp\TravelRecordAp.iOS\TravelRecordAp.iOS.csproj", "{952EAA48-53B2-41E3-9ED1-3613350BC5A7}"
EndProject
Project("{FAE04EC0-301F-11D3-BF4B-00C04F79EFBC}") = "TravelRecordAp", "TravelRecordAp\TravelRecordAp\TravelRecordAp.csproj", "{FC456F17-AB5F-420A-A341-7111CD30D6B8}"
EndProject
Global
	GlobalSection(SolutionConfigurationPlatforms) = preSolution
		Debug|Any CPU = Debug|Any CPU
		Debug|iPhone = Debug|iPhone
		Debug|iPhoneSimulator = Debug|iPhoneSimulator
		Release|Any CPU = Release|Any CPU
		Release|iPhone = Release|iPhone
		Release|iPhoneSimulator = Release|iPhoneSimulator
	EndGlobalSection
	GlobalSection(ProjectConfigurationPlatforms) = postSolution
		{DF704DE1-A220-4AFF-961E-5073AE8D94E5}.Debug|Any CPU.ActiveCfg = Debug|Any CPU
		{DF704DE1-A220-4AFF-961E-5073AE8D94E5}.Debug|Any CPU.Build.0 = Debug|Any CPU
		{DF704DE1-A220-4AFF-961E-5073AE8D94E5}.Debug|Any CPU.Deploy.0 = Debug|Any CPU
		{DF704DE1-A220-4AFF-961E-5073AE8D94E5}.Debug|iPhone.ActiveCfg = Debug|Any CPU
		{DF704DE1-A220-4AFF-961E-5073AE8D94E5}.Debug|iPhone.Build.0 = Debug|Any CPU
		{DF704DE1-A220-4AFF-961E-5073AE8D94E5}.Debug|iPhone.Deploy.0 = Debug|Any CPU
		{DF704DE1-A220-4AFF-961E-5073AE8D94E5}.Debug|iPhoneSimulator.ActiveCfg = Debug|Any CPU
		{DF704DE1-A220-4AFF-961E-5073AE8D94E5}.Debug|iPhoneSimulator.Build.0 = Debug|Any CPU
		{DF704DE1-A220-4AFF-961E-5073AE8D94E5}.Debug|iPhoneSimulator.Deploy.0 = Debug|Any CPU
		{DF704DE1-A220-4AFF-961E-5073AE8D94E5}.Release|Any CPU.ActiveCfg = Release|Any CPU
		{DF704DE1-A220-4AFF-961E-5073AE8D94E5}.Release|Any CPU.Build.0 = Release|Any CPU
		{DF704DE1-A220-4AFF-961E-5073AE8D94E5}.Release|Any CPU.Deploy.0 = Release|Any CPU
		{DF704DE1-A220-4AFF-961E-5073AE8D94E5}.Release|iPhone.ActiveCfg = Release|Any CPU
		{DF704DE1-A220-4AFF-961E-5073AE8D94E5}.Release|iPhone.Build.0 = Release|Any CPU
		{DF704DE1-A220-4AFF-961E-5073AE8D94E5}.Release|iPhone.Deploy.0 = Release|Any CPU
		{DF704DE1-A220-4AFF-961E-5073AE8D94E5}.Release|iPhoneSimulator.ActiveCfg = Release|Any CPU
		{DF704DE1-A220-4AFF-961E-5073AE8D94E5}.Release|iPhoneSimulator.Build.0 = Release|Any CPU
		{DF704DE1-A220-4AFF-961E-5073AE8D94E5}.Release|iPhoneSimulator.Deploy.0 = Release|Any CPU
		{952EAA48-53B2-41E3-9ED1-3613350BC5A7}.Debug|Any CPU.ActiveCfg = Debug|iPhoneSimulator
		{952EAA48-53B2-41E3-9ED1-3613350BC5A7}.Debug|Any CPU.Build.0 = Debug|iPhoneSimulator
		{952EAA48-53B2-41E3-9ED1-3613350BC5A7}.Debug|Any CPU.Deploy.0 = Debug|iPhoneSimulator
		{952EAA48-53B2-41E3-9ED1-3613350BC5A7}.Debug|iPhone.ActiveCfg = Debug|iPhone
		{952EAA48-53B2-41E3-9ED1-3613350BC5A7}.Debug|iPhone.Build.0 = Debug|iPhone
		{952EAA48-53B2-41E3-9ED1-3613350BC5A7}.Debug|iPhone.Deploy.0 = Debug|iPhone
		{952EAA48-53B2-41E3-9ED1-3613350BC5A7}.Debug|iPhoneSimulator.ActiveCfg = Debug|iPhoneSimulator
		{952EAA48-53B2-41E3-9ED1-3613350BC5A7}.Debug|iPhoneSimulator.Build.0 = Debug|iPhoneSimulator
		{952EAA48-53B2-41E3-9ED1-3613350BC5A7}.Debug|iPhoneSimulator.Deploy.0 = Debug|iPhoneSimulator
		{952EAA48-53B2-41E3-9ED1-3613350BC5A7}.Release|Any CPU.ActiveCfg = Release|iPhone
		{952EAA48-53B2-41E3-9ED1-3613350BC5A7}.Release|Any CPU.Build.0 = Release|iPhone
		{952EAA48-53B2-41E3-9ED1-3613350BC5A7}.Release|Any CPU.Deploy.0 = Release|iPhone
		{952EAA48-53B2-41E3-9ED1-3613350BC5A7}.Release|iPhone.ActiveCfg = Release|iPhone
		{952EAA48-53B2-41E3-9ED1-3613350BC5A7}.Release|iPhone.Build.0 = Release|iPhone
		{952EAA48-53B2-41E3-9ED1-3613350BC5A7}.Release|iPhone.Deploy.0 = Release|iPhone
		{952EAA48-53B2-41E3-9ED1-3613350BC5A7}.Release|iPhoneSimulator.ActiveCfg = Release|iPhoneSimulator
		{952EAA48-53B2-41E3-9ED1-3613350BC5A7}.Release|iPhoneSimulator.Build.0 = Release|iPhoneSimulator
		{952EAA48-53B2-41E3-9ED1-3613350BC5A7}.Release|iPhoneSimulator.Deploy.0 = Release|iPhoneSimulator
		{FC456F17-AB5F-420A-A341-7111CD30D6B8}.Debug|Any CPU.ActiveCfg = Debug|Any CPU
		{FC456F17-AB5F-420A-A341-7111CD30D6B8}.Debug|Any CPU.Build.0 = Debug|Any CPU
		{FC456F17-AB5F-420A-A341-7111CD30D6B8}.Debug|Any CPU.Deploy.0 = Debug|Any CPU
		{FC456F17-AB5F-420A-A341-7111CD30D6B8}.Debug|iPhone.ActiveCfg = Debug|Any CPU
		{FC456F17-AB5F-420A-A341-7111CD30D6B8}.Debug|iPhone.Build.0 = Debug|Any CPU
		{FC456F17-AB5F-420A-A341-7111CD30D6B8}.Debug|iPhone.Deploy.0 = Debug|Any CPU
		{FC456F17-AB5F-420A-A341-7111CD30D6B8}.Debug|iPhoneSimulator.ActiveCfg = Debug|Any CPU
		{FC456F17-AB5F-420A-A341-7111CD30D6B8}.Debug|iPhoneSimulator.Build.0 = Debug|Any CPU
		{FC456F17-AB5F-420A-A341-7111CD30D6B8}.Debug|iPhoneSimulator.Deploy.0 = Debug|Any CPU
		{FC456F17-AB5F-420A-A341-7111CD30D6B8}.Release|Any CPU.ActiveCfg = Release|Any CPU
		{FC456F17-AB5F-420A-A341-7111CD30D6B8}.Release|Any CPU.Build.0 = Release|Any CPU
		{FC456F17-AB5F-420A-A341-7111CD30D6B8}.Release|Any CPU.Deploy.0 = Release|Any CPU
		{FC456F17-AB5F-420A-A341-7111CD30D6B8}.Release|iPhone.ActiveCfg = Release|Any CPU
		{FC456F17-AB5F-420A-A341-7111CD30D6B8}.Release|iPhone.Build.0 = Release|Any CPU
		{FC456F17-AB5F-420A-A341-7111CD30D6B8}.Release|iPhone.Deploy.0 = Release|Any CPU
		{FC456F17-AB5F-420A-A341-7111CD30D6B8}.Release|iPhoneSimulator.ActiveCfg = Release|Any CPU
		{FC456F17-AB5F-420A-A341-7111CD30D6B8}.Release|iPhoneSimulator.Build.0 = Release|Any CPU
		{FC456F17-AB5F-420A-A341-7111CD30D6B8}.Release|iPhoneSimulator.Deploy.0 = Release|Any CPU
	EndGlobalSection
	GlobalSection(SolutionProperties) = preSolution
		HideSolutionNode = FALSE
	EndGlobalSection
	GlobalSection(ExtensibilityGlobals) = postSolution
		SolutionGuid = {2D69CD32-2E31-44B9-8777-A4673FA44854}
	EndGlobalSection
EndGlobal
